// !$*UTF8*$!
{
	archiveVersion = 1;
	classes = {
	};
	objectVersion = 56;
	objects = {

/* Begin PBXBuildFile section */
		4B1E306E29E89DFA00A6337D /* RockPaperScissorsApp.swift in Sources */ = {isa = PBXBuildFile; fileRef = 4B1E306D29E89DFA00A6337D /* RockPaperScissorsApp.swift */; };
		4B1E307029E89DFA00A6337D /* ContentView.swift in Sources */ = {isa = PBXBuildFile; fileRef = 4B1E306F29E89DFA00A6337D /* ContentView.swift */; };
		4B1E307229E89DFB00A6337D /* Assets.xcassets in Resources */ = {isa = PBXBuildFile; fileRef = 4B1E307129E89DFB00A6337D /* Assets.xcassets */; };
		4B1E307529E89DFB00A6337D /* Preview Assets.xcassets in Resources */ = {isa = PBXBuildFile; fileRef = 4B1E307429E89DFB00A6337D /* Preview Assets.xcassets */; };
		4B54487929E94AAC00AD6E3E /* MainPage.swift in Sources */ = {isa = PBXBuildFile; fileRef = 4B54487829E94AAC00AD6E3E /* MainPage.swift */; };
		4B54487B29E94CB600AD6E3E /* MultiPlayer.swift in Sources */ = {isa = PBXBuildFile; fileRef = 4B54487A29E94CB600AD6E3E /* MultiPlayer.swift */; };
		4B54489729EAB5E200AD6E3E /* CustomChoice.swift in Sources */ = {isa = PBXBuildFile; fileRef = 4B54489629EAB5E200AD6E3E /* CustomChoice.swift */; };
		4B54489929EBF08E00AD6E3E /* CustomButton.swift in Sources */ = {isa = PBXBuildFile; fileRef = 4B54489829EBF08E00AD6E3E /* CustomButton.swift */; };
		4B54489E29EBF14E00AD6E3E /* ChooseView.swift in Sources */ = {isa = PBXBuildFile; fileRef = 4B54489D29EBF14E00AD6E3E /* ChooseView.swift */; };
		4B5448A029EBF19000AD6E3E /* ChangeChoiseView.swift in Sources */ = {isa = PBXBuildFile; fileRef = 4B54489F29EBF19000AD6E3E /* ChangeChoiseView.swift */; };
		4B5448A229EBF1DE00AD6E3E /* OponentThinksView.swift in Sources */ = {isa = PBXBuildFile; fileRef = 4B5448A129EBF1DE00AD6E3E /* OponentThinksView.swift */; };
		4B5448A429EBF20300AD6E3E /* OponentChoice.swift in Sources */ = {isa = PBXBuildFile; fileRef = 4B5448A329EBF20300AD6E3E /* OponentChoice.swift */; };
		4B5448A629EBF23200AD6E3E /* GameView.swift in Sources */ = {isa = PBXBuildFile; fileRef = 4B5448A529EBF23200AD6E3E /* GameView.swift */; };
		4B5448A829EBF2B500AD6E3E /* FirstPlayerChooseView.swift in Sources */ = {isa = PBXBuildFile; fileRef = 4B5448A729EBF2B500AD6E3E /* FirstPlayerChooseView.swift */; };
		4B5448AA29EBF2E200AD6E3E /* MultiplyChangeChooseView.swift in Sources */ = {isa = PBXBuildFile; fileRef = 4B5448A929EBF2E200AD6E3E /* MultiplyChangeChooseView.swift */; };
		4B5448AC29EBF30A00AD6E3E /* PassToOponentView.swift in Sources */ = {isa = PBXBuildFile; fileRef = 4B5448AB29EBF30A00AD6E3E /* PassToOponentView.swift */; };
		4B5448AE29EBF32500AD6E3E /* SecondPlayerChooseView.swift in Sources */ = {isa = PBXBuildFile; fileRef = 4B5448AD29EBF32500AD6E3E /* SecondPlayerChooseView.swift */; };
		4B5448B029EBF3A400AD6E3E /* MultiplayGameView.swift in Sources */ = {isa = PBXBuildFile; fileRef = 4B5448AF29EBF3A400AD6E3E /* MultiplayGameView.swift */; };
		4B5448B429EBF60800AD6E3E /* HeaderText.swift in Sources */ = {isa = PBXBuildFile; fileRef = 4B5448B329EBF60800AD6E3E /* HeaderText.swift */; };
		4B5448B629EBFB8200AD6E3E /* Capsule.swift in Sources */ = {isa = PBXBuildFile; fileRef = 4B5448B529EBFB8200AD6E3E /* Capsule.swift */; };
/* End PBXBuildFile section */

/* Begin PBXFileReference section */
		4B1E306A29E89DFA00A6337D /* RockPaperScissors.app */ = {isa = PBXFileReference; explicitFileType = wrapper.application; includeInIndex = 0; path = RockPaperScissors.app; sourceTree = BUILT_PRODUCTS_DIR; };
		4B1E306D29E89DFA00A6337D /* RockPaperScissorsApp.swift */ = {isa = PBXFileReference; lastKnownFileType = sourcecode.swift; path = RockPaperScissorsApp.swift; sourceTree = "<group>"; };
		4B1E306F29E89DFA00A6337D /* ContentView.swift */ = {isa = PBXFileReference; lastKnownFileType = sourcecode.swift; path = ContentView.swift; sourceTree = "<group>"; };
		4B1E307129E89DFB00A6337D /* Assets.xcassets */ = {isa = PBXFileReference; lastKnownFileType = folder.assetcatalog; path = Assets.xcassets; sourceTree = "<group>"; };
		4B1E307429E89DFB00A6337D /* Preview Assets.xcassets */ = {isa = PBXFileReference; lastKnownFileType = folder.assetcatalog; path = "Preview Assets.xcassets"; sourceTree = "<group>"; };
		4B54487829E94AAC00AD6E3E /* MainPage.swift */ = {isa = PBXFileReference; lastKnownFileType = sourcecode.swift; path = MainPage.swift; sourceTree = "<group>"; };
		4B54487A29E94CB600AD6E3E /* MultiPlayer.swift */ = {isa = PBXFileReference; lastKnownFileType = sourcecode.swift; path = MultiPlayer.swift; sourceTree = "<group>"; };
		4B54489629EAB5E200AD6E3E /* CustomChoice.swift */ = {isa = PBXFileReference; lastKnownFileType = sourcecode.swift; path = CustomChoice.swift; sourceTree = "<group>"; };
		4B54489829EBF08E00AD6E3E /* CustomButton.swift */ = {isa = PBXFileReference; lastKnownFileType = sourcecode.swift; path = CustomButton.swift; sourceTree = "<group>"; };
		4B54489D29EBF14E00AD6E3E /* ChooseView.swift */ = {isa = PBXFileReference; lastKnownFileType = sourcecode.swift; path = ChooseView.swift; sourceTree = "<group>"; };
		4B54489F29EBF19000AD6E3E /* ChangeChoiseView.swift */ = {isa = PBXFileReference; lastKnownFileType = sourcecode.swift; path = ChangeChoiseView.swift; sourceTree = "<group>"; };
		4B5448A129EBF1DE00AD6E3E /* OponentThinksView.swift */ = {isa = PBXFileReference; lastKnownFileType = sourcecode.swift; path = OponentThinksView.swift; sourceTree = "<group>"; };
		4B5448A329EBF20300AD6E3E /* OponentChoice.swift */ = {isa = PBXFileReference; lastKnownFileType = sourcecode.swift; path = OponentChoice.swift; sourceTree = "<group>"; };
		4B5448A529EBF23200AD6E3E /* GameView.swift */ = {isa = PBXFileReference; lastKnownFileType = sourcecode.swift; path = GameView.swift; sourceTree = "<group>"; };
		4B5448A729EBF2B500AD6E3E /* FirstPlayerChooseView.swift */ = {isa = PBXFileReference; lastKnownFileType = sourcecode.swift; path = FirstPlayerChooseView.swift; sourceTree = "<group>"; };
		4B5448A929EBF2E200AD6E3E /* MultiplyChangeChooseView.swift */ = {isa = PBXFileReference; lastKnownFileType = sourcecode.swift; path = MultiplyChangeChooseView.swift; sourceTree = "<group>"; };
		4B5448AB29EBF30A00AD6E3E /* PassToOponentView.swift */ = {isa = PBXFileReference; lastKnownFileType = sourcecode.swift; path = PassToOponentView.swift; sourceTree = "<group>"; };
		4B5448AD29EBF32500AD6E3E /* SecondPlayerChooseView.swift */ = {isa = PBXFileReference; lastKnownFileType = sourcecode.swift; path = SecondPlayerChooseView.swift; sourceTree = "<group>"; };
		4B5448AF29EBF3A400AD6E3E /* MultiplayGameView.swift */ = {isa = PBXFileReference; lastKnownFileType = sourcecode.swift; path = MultiplayGameView.swift; sourceTree = "<group>"; };
		4B5448B329EBF60800AD6E3E /* HeaderText.swift */ = {isa = PBXFileReference; lastKnownFileType = sourcecode.swift; path = HeaderText.swift; sourceTree = "<group>"; };
		4B5448B529EBFB8200AD6E3E /* Capsule.swift */ = {isa = PBXFileReference; lastKnownFileType = sourcecode.swift; path = Capsule.swift; sourceTree = "<group>"; };
/* End PBXFileReference section */

/* Begin PBXFrameworksBuildPhase section */
		4B1E306729E89DFA00A6337D /* Frameworks */ = {
			isa = PBXFrameworksBuildPhase;
			buildActionMask = 2147483647;
			files = (
			);
			runOnlyForDeploymentPostprocessing = 0;
		};
/* End PBXFrameworksBuildPhase section */

/* Begin PBXGroup section */
		4B1E306129E89DFA00A6337D = {
			isa = PBXGroup;
			children = (
				4B1E306C29E89DFA00A6337D /* RockPaperScissors */,
				4B1E306B29E89DFA00A6337D /* Products */,
			);
			sourceTree = "<group>";
		};
		4B1E306B29E89DFA00A6337D /* Products */ = {
			isa = PBXGroup;
			children = (
				4B1E306A29E89DFA00A6337D /* RockPaperScissors.app */,
			);
			name = Products;
			sourceTree = "<group>";
		};
		4B1E306C29E89DFA00A6337D /* RockPaperScissors */ = {
			isa = PBXGroup;
			children = (
				4B1E306D29E89DFA00A6337D /* RockPaperScissorsApp.swift */,
				4B54487829E94AAC00AD6E3E /* MainPage.swift */,
				4B54489B29EBF10F00AD6E3E /* SinglePlayer */,
				4B54489C29EBF11D00AD6E3E /* MultiPlayer */,
				4B54489A29EBF0DD00AD6E3E /* Helpers */,
				4B1E307129E89DFB00A6337D /* Assets.xcassets */,
				4B1E307329E89DFB00A6337D /* Preview Content */,
			);
			path = RockPaperScissors;
			sourceTree = "<group>";
		};
		4B1E307329E89DFB00A6337D /* Preview Content */ = {
			isa = PBXGroup;
			children = (
				4B1E307429E89DFB00A6337D /* Preview Assets.xcassets */,
			);
			path = "Preview Content";
			sourceTree = "<group>";
		};
		4B54489A29EBF0DD00AD6E3E /* Helpers */ = {
			isa = PBXGroup;
			children = (
				4B54489629EAB5E200AD6E3E /* CustomChoice.swift */,
				4B54489829EBF08E00AD6E3E /* CustomButton.swift */,
				4B5448B329EBF60800AD6E3E /* HeaderText.swift */,
				4B5448B529EBFB8200AD6E3E /* Capsule.swift */,
			);
			path = Helpers;
			sourceTree = "<group>";
		};
		4B54489B29EBF10F00AD6E3E /* SinglePlayer */ = {
			isa = PBXGroup;
			children = (
				4B1E306F29E89DFA00A6337D /* ContentView.swift */,
				4B54489D29EBF14E00AD6E3E /* ChooseView.swift */,
				4B54489F29EBF19000AD6E3E /* ChangeChoiseView.swift */,
				4B5448A129EBF1DE00AD6E3E /* OponentThinksView.swift */,
				4B5448A329EBF20300AD6E3E /* OponentChoice.swift */,
				4B5448A529EBF23200AD6E3E /* GameView.swift */,
			);
			path = SinglePlayer;
			sourceTree = "<group>";
		};
		4B54489C29EBF11D00AD6E3E /* MultiPlayer */ = {
			isa = PBXGroup;
			children = (
				4B54487A29E94CB600AD6E3E /* MultiPlayer.swift */,
				4B5448AF29EBF3A400AD6E3E /* MultiplayGameView.swift */,
				4B5448AD29EBF32500AD6E3E /* SecondPlayerChooseView.swift */,
				4B5448A929EBF2E200AD6E3E /* MultiplyChangeChooseView.swift */,
				4B5448A729EBF2B500AD6E3E /* FirstPlayerChooseView.swift */,
				4B5448AB29EBF30A00AD6E3E /* PassToOponentView.swift */,
			);
			path = MultiPlayer;
			sourceTree = "<group>";
		};
/* End PBXGroup section */

/* Begin PBXNativeTarget section */
		4B1E306929E89DFA00A6337D /* RockPaperScissors */ = {
			isa = PBXNativeTarget;
			buildConfigurationList = 4B1E307829E89DFB00A6337D /* Build configuration list for PBXNativeTarget "RockPaperScissors" */;
			buildPhases = (
				4B1E306629E89DFA00A6337D /* Sources */,
				4B1E306729E89DFA00A6337D /* Frameworks */,
				4B1E306829E89DFA00A6337D /* Resources */,
			);
			buildRules = (
			);
			dependencies = (
			);
			name = RockPaperScissors;
			productName = RockPaperScissors;
			productReference = 4B1E306A29E89DFA00A6337D /* RockPaperScissors.app */;
			productType = "com.apple.product-type.application";
		};
/* End PBXNativeTarget section */

/* Begin PBXProject section */
		4B1E306229E89DFA00A6337D /* Project object */ = {
			isa = PBXProject;
			attributes = {
				BuildIndependentTargetsInParallel = 1;
				LastSwiftUpdateCheck = 1410;
				LastUpgradeCheck = 1410;
				TargetAttributes = {
					4B1E306929E89DFA00A6337D = {
						CreatedOnToolsVersion = 14.1;
					};
				};
			};
			buildConfigurationList = 4B1E306529E89DFA00A6337D /* Build configuration list for PBXProject "RockPaperScissors" */;
			compatibilityVersion = "Xcode 14.0";
			developmentRegion = en;
			hasScannedForEncodings = 0;
			knownRegions = (
				en,
				Base,
			);
			mainGroup = 4B1E306129E89DFA00A6337D;
			productRefGroup = 4B1E306B29E89DFA00A6337D /* Products */;
			projectDirPath = "";
			projectRoot = "";
			targets = (
				4B1E306929E89DFA00A6337D /* RockPaperScissors */,
			);
		};
/* End PBXProject section */

/* Begin PBXResourcesBuildPhase section */
		4B1E306829E89DFA00A6337D /* Resources */ = {
			isa = PBXResourcesBuildPhase;
			buildActionMask = 2147483647;
			files = (
				4B1E307529E89DFB00A6337D /* Preview Assets.xcassets in Resources */,
				4B1E307229E89DFB00A6337D /* Assets.xcassets in Resources */,
			);
			runOnlyForDeploymentPostprocessing = 0;
		};
/* End PBXResourcesBuildPhase section */

/* Begin PBXSourcesBuildPhase section */
		4B1E306629E89DFA00A6337D /* Sources */ = {
			isa = PBXSourcesBuildPhase;
			buildActionMask = 2147483647;
			files = (
				4B54487B29E94CB600AD6E3E /* MultiPlayer.swift in Sources */,
				4B5448B629EBFB8200AD6E3E /* Capsule.swift in Sources */,
				4B1E307029E89DFA00A6337D /* ContentView.swift in Sources */,
				4B54489E29EBF14E00AD6E3E /* ChooseView.swift in Sources */,
				4B5448A829EBF2B500AD6E3E /* FirstPlayerChooseView.swift in Sources */,
				4B5448AE29EBF32500AD6E3E /* SecondPlayerChooseView.swift in Sources */,
				4B54489929EBF08E00AD6E3E /* CustomButton.swift in Sources */,
				4B5448B429EBF60800AD6E3E /* HeaderText.swift in Sources */,
				4B5448A229EBF1DE00AD6E3E /* OponentThinksView.swift in Sources */,
				4B5448A629EBF23200AD6E3E /* GameView.swift in Sources */,
				4B5448B029EBF3A400AD6E3E /* MultiplayGameView.swift in Sources */,
				4B1E306E29E89DFA00A6337D /* RockPaperScissorsApp.swift in Sources */,
				4B5448AA29EBF2E200AD6E3E /* MultiplyChangeChooseView.swift in Sources */,
				4B5448A429EBF20300AD6E3E /* OponentChoice.swift in Sources */,
				4B5448A029EBF19000AD6E3E /* ChangeChoiseView.swift in Sources */,
				4B54489729EAB5E200AD6E3E /* CustomChoice.swift in Sources */,
				4B5448AC29EBF30A00AD6E3E /* PassToOponentView.swift in Sources */,
				4B54487929E94AAC00AD6E3E /* MainPage.swift in Sources */,
			);
			runOnlyForDeploymentPostprocessing = 0;
		};
/* End PBXSourcesBuildPhase section */

/* Begin XCBuildConfiguration section */
		4B1E307629E89DFB00A6337D /* Debug */ = {
			isa = XCBuildConfiguration;
			buildSettings = {
				ALWAYS_SEARCH_USER_PATHS = NO;
				CLANG_ANALYZER_NONNULL = YES;
				CLANG_ANALYZER_NUMBER_OBJECT_CONVERSION = YES_AGGRESSIVE;
				CLANG_CXX_LANGUAGE_STANDARD = "gnu++20";
				CLANG_ENABLE_MODULES = YES;
				CLANG_ENABLE_OBJC_ARC = YES;
				CLANG_ENABLE_OBJC_WEAK = YES;
				CLANG_WARN_BLOCK_CAPTURE_AUTORELEASING = YES;
				CLANG_WARN_BOOL_CONVERSION = YES;
				CLANG_WARN_COMMA = YES;
				CLANG_WARN_CONSTANT_CONVERSION = YES;
				CLANG_WARN_DEPRECATED_OBJC_IMPLEMENTATIONS = YES;
				CLANG_WARN_DIRECT_OBJC_ISA_USAGE = YES_ERROR;
				CLANG_WARN_DOCUMENTATION_COMMENTS = YES;
				CLANG_WARN_EMPTY_BODY = YES;
				CLANG_WARN_ENUM_CONVERSION = YES;
				CLANG_WARN_INFINITE_RECURSION = YES;
				CLANG_WARN_INT_CONVERSION = YES;
				CLANG_WARN_NON_LITERAL_NULL_CONVERSION = YES;
				CLANG_WARN_OBJC_IMPLICIT_RETAIN_SELF = YES;
				CLANG_WARN_OBJC_LITERAL_CONVERSION = YES;
				CLANG_WARN_OBJC_ROOT_CLASS = YES_ERROR;
				CLANG_WARN_QUOTED_INCLUDE_IN_FRAMEWORK_HEADER = YES;
				CLANG_WARN_RANGE_LOOP_ANALYSIS = YES;
				CLANG_WARN_STRICT_PROTOTYPES = YES;
				CLANG_WARN_SUSPICIOUS_MOVE = YES;
				CLANG_WARN_UNGUARDED_AVAILABILITY = YES_AGGRESSIVE;
				CLANG_WARN_UNREACHABLE_CODE = YES;
				CLANG_WARN__DUPLICATE_METHOD_MATCH = YES;
				COPY_PHASE_STRIP = NO;
				DEBUG_INFORMATION_FORMAT = dwarf;
				ENABLE_STRICT_OBJC_MSGSEND = YES;
				ENABLE_TESTABILITY = YES;
				GCC_C_LANGUAGE_STANDARD = gnu11;
				GCC_DYNAMIC_NO_PIC = NO;
				GCC_NO_COMMON_BLOCKS = YES;
				GCC_OPTIMIZATION_LEVEL = 0;
				GCC_PREPROCESSOR_DEFINITIONS = (
					"DEBUG=1",
					"$(inherited)",
				);
				GCC_WARN_64_TO_32_BIT_CONVERSION = YES;
				GCC_WARN_ABOUT_RETURN_TYPE = YES_ERROR;
				GCC_WARN_UNDECLARED_SELECTOR = YES;
				GCC_WARN_UNINITIALIZED_AUTOS = YES_AGGRESSIVE;
				GCC_WARN_UNUSED_FUNCTION = YES;
				GCC_WARN_UNUSED_VARIABLE = YES;
				IPHONEOS_DEPLOYMENT_TARGET = 16.1;
				MTL_ENABLE_DEBUG_INFO = INCLUDE_SOURCE;
				MTL_FAST_MATH = YES;
				ONLY_ACTIVE_ARCH = YES;
				SDKROOT = iphoneos;
				SWIFT_ACTIVE_COMPILATION_CONDITIONS = DEBUG;
				SWIFT_OPTIMIZATION_LEVEL = "-Onone";
			};
			name = Debug;
		};
		4B1E307729E89DFB00A6337D /* Release */ = {
			isa = XCBuildConfiguration;
			buildSettings = {
				ALWAYS_SEARCH_USER_PATHS = NO;
				CLANG_ANALYZER_NONNULL = YES;
				CLANG_ANALYZER_NUMBER_OBJECT_CONVERSION = YES_AGGRESSIVE;
				CLANG_CXX_LANGUAGE_STANDARD = "gnu++20";
				CLANG_ENABLE_MODULES = YES;
				CLANG_ENABLE_OBJC_ARC = YES;
				CLANG_ENABLE_OBJC_WEAK = YES;
				CLANG_WARN_BLOCK_CAPTURE_AUTORELEASING = YES;
				CLANG_WARN_BOOL_CONVERSION = YES;
				CLANG_WARN_COMMA = YES;
				CLANG_WARN_CONSTANT_CONVERSION = YES;
				CLANG_WARN_DEPRECATED_OBJC_IMPLEMENTATIONS = YES;
				CLANG_WARN_DIRECT_OBJC_ISA_USAGE = YES_ERROR;
				CLANG_WARN_DOCUMENTATION_COMMENTS = YES;
				CLANG_WARN_EMPTY_BODY = YES;
				CLANG_WARN_ENUM_CONVERSION = YES;
				CLANG_WARN_INFINITE_RECURSION = YES;
				CLANG_WARN_INT_CONVERSION = YES;
				CLANG_WARN_NON_LITERAL_NULL_CONVERSION = YES;
				CLANG_WARN_OBJC_IMPLICIT_RETAIN_SELF = YES;
				CLANG_WARN_OBJC_LITERAL_CONVERSION = YES;
				CLANG_WARN_OBJC_ROOT_CLASS = YES_ERROR;
				CLANG_WARN_QUOTED_INCLUDE_IN_FRAMEWORK_HEADER = YES;
				CLANG_WARN_RANGE_LOOP_ANALYSIS = YES;
				CLANG_WARN_STRICT_PROTOTYPES = YES;
				CLANG_WARN_SUSPICIOUS_MOVE = YES;
				CLANG_WARN_UNGUARDED_AVAILABILITY = YES_AGGRESSIVE;
				CLANG_WARN_UNREACHABLE_CODE = YES;
				CLANG_WARN__DUPLICATE_METHOD_MATCH = YES;
				COPY_PHASE_STRIP = NO;
				DEBUG_INFORMATION_FORMAT = "dwarf-with-dsym";
				ENABLE_NS_ASSERTIONS = NO;
				ENABLE_STRICT_OBJC_MSGSEND = YES;
				GCC_C_LANGUAGE_STANDARD = gnu11;
				GCC_NO_COMMON_BLOCKS = YES;
				GCC_WARN_64_TO_32_BIT_CONVERSION = YES;
				GCC_WARN_ABOUT_RETURN_TYPE = YES_ERROR;
				GCC_WARN_UNDECLARED_SELECTOR = YES;
				GCC_WARN_UNINITIALIZED_AUTOS = YES_AGGRESSIVE;
				GCC_WARN_UNUSED_FUNCTION = YES;
				GCC_WARN_UNUSED_VARIABLE = YES;
				IPHONEOS_DEPLOYMENT_TARGET = 16.1;
				MTL_ENABLE_DEBUG_INFO = NO;
				MTL_FAST_MATH = YES;
				SDKROOT = iphoneos;
				SWIFT_COMPILATION_MODE = wholemodule;
				SWIFT_OPTIMIZATION_LEVEL = "-O";
				VALIDATE_PRODUCT = YES;
			};
			name = Release;
		};
		4B1E307929E89DFB00A6337D /* Debug */ = {
			isa = XCBuildConfiguration;
			buildSettings = {
				ASSETCATALOG_COMPILER_APPICON_NAME = AppIcon;
				ASSETCATALOG_COMPILER_GLOBAL_ACCENT_COLOR_NAME = AccentColor;
				CODE_SIGN_STYLE = Automatic;
				CURRENT_PROJECT_VERSION = 1;
				DEVELOPMENT_ASSET_PATHS = "\"RockPaperScissors/Preview Content\"";
				DEVELOPMENT_TEAM = H2MWQXR936;
				ENABLE_PREVIEWS = YES;
				GENERATE_INFOPLIST_FILE = YES;
				INFOPLIST_KEY_UIApplicationSceneManifest_Generation = YES;
				INFOPLIST_KEY_UIApplicationSupportsIndirectInputEvents = YES;
				INFOPLIST_KEY_UILaunchScreen_Generation = YES;
				INFOPLIST_KEY_UISupportedInterfaceOrientations_iPad = "UIInterfaceOrientationPortrait UIInterfaceOrientationPortraitUpsideDown UIInterfaceOrientationLandscapeLeft UIInterfaceOrientationLandscapeRight";
				INFOPLIST_KEY_UISupportedInterfaceOrientations_iPhone = "UIInterfaceOrientationPortrait UIInterfaceOrientationLandscapeLeft UIInterfaceOrientationLandscapeRight";
				LD_RUNPATH_SEARCH_PATHS = (
					"$(inherited)",
					"@executable_path/Frameworks",
				);
				MARKETING_VERSION = 1.0;
				PRODUCT_BUNDLE_IDENTIFIER = com.bibitm.RockPaperScissors;
				PRODUCT_NAME = "$(TARGET_NAME)";
				SWIFT_EMIT_LOC_STRINGS = YES;
				SWIFT_VERSION = 5.0;
				TARGETED_DEVICE_FAMILY = "1,2";
			};
			name = Debug;
		};
		4B1E307A29E89DFB00A6337D /* Release */ = {
			isa = XCBuildConfiguration;
			buildSettings = {
				ASSETCATALOG_COMPILER_APPICON_NAME = AppIcon;
				ASSETCATALOG_COMPILER_GLOBAL_ACCENT_COLOR_NAME = AccentColor;
				CODE_SIGN_STYLE = Automatic;
				CURRENT_PROJECT_VERSION = 1;
				DEVELOPMENT_ASSET_PATHS = "\"RockPaperScissors/Preview Content\"";
				DEVELOPMENT_TEAM = H2MWQXR936;
				ENABLE_PREVIEWS = YES;
				GENERATE_INFOPLIST_FILE = YES;
				INFOPLIST_KEY_UIApplicationSceneManifest_Generation = YES;
				INFOPLIST_KEY_UIApplicationSupportsIndirectInputEvents = YES;
				INFOPLIST_KEY_UILaunchScreen_Generation = YES;
				INFOPLIST_KEY_UISupportedInterfaceOrientations_iPad = "UIInterfaceOrientationPortrait UIInterfaceOrientationPortraitUpsideDown UIInterfaceOrientationLandscapeLeft UIInterfaceOrientationLandscapeRight";
				INFOPLIST_KEY_UISupportedInterfaceOrientations_iPhone = "UIInterfaceOrientationPortrait UIInterfaceOrientationLandscapeLeft UIInterfaceOrientationLandscapeRight";
				LD_RUNPATH_SEARCH_PATHS = (
					"$(inherited)",
					"@executable_path/Frameworks",
				);
				MARKETING_VERSION = 1.0;
				PRODUCT_BUNDLE_IDENTIFIER = com.bibitm.RockPaperScissors;
				PRODUCT_NAME = "$(TARGET_NAME)";
				SWIFT_EMIT_LOC_STRINGS = YES;
				SWIFT_VERSION = 5.0;
				TARGETED_DEVICE_FAMILY = "1,2";
			};
			name = Release;
		};
/* End XCBuildConfiguration section */

/* Begin XCConfigurationList section */
		4B1E306529E89DFA00A6337D /* Build configuration list for PBXProject "RockPaperScissors" */ = {
			isa = XCConfigurationList;
			buildConfigurations = (
				4B1E307629E89DFB00A6337D /* Debug */,
				4B1E307729E89DFB00A6337D /* Release */,
			);
			defaultConfigurationIsVisible = 0;
			defaultConfigurationName = Release;
		};
		4B1E307829E89DFB00A6337D /* Build configuration list for PBXNativeTarget "RockPaperScissors" */ = {
			isa = XCConfigurationList;
			buildConfigurations = (
				4B1E307929E89DFB00A6337D /* Debug */,
				4B1E307A29E89DFB00A6337D /* Release */,
			);
			defaultConfigurationIsVisible = 0;
			defaultConfigurationName = Release;
		};
/* End XCConfigurationList section */
	};
	rootObject = 4B1E306229E89DFA00A6337D /* Project object */;
}
